
Microsoft Visual Studio Solution File, Format Version 12.00
# Visual Studio Version 17
VisualStudioVersion = 17.0.31903.59
MinimumVisualStudioVersion = 10.0.40219.1
Project("{2150E333-8FDC-42A3-9474-1A3956D46DE8}") = "src", "src", "{827E0CD3-B72D-47B6-A68D-7590B98EB39B}"
EndProject
Project("{2150E333-8FDC-42A3-9474-1A3956D46DE8}") = "Shared", "Shared", "{C8E42992-5E42-0C2B-DBFE-AA848D06431C}"
EndProject
Project("{FAE04EC0-301F-11D3-BF4B-00C04F79EFBC}") = "Shared.Domain", "src\Shared\Shared.Domain\Shared.Domain.csproj", "{5DAA961D-DD68-4AE7-8485-2E78CDC694F4}"
EndProject
Project("{FAE04EC0-301F-11D3-BF4B-00C04F79EFBC}") = "Shared.Application", "src\Shared\Shared.Application\Shared.Application.csproj", "{E514A7C6-04DF-4B25-9223-004BD09D27C8}"
EndProject
Project("{FAE04EC0-301F-11D3-BF4B-00C04F79EFBC}") = "Shared.Infrastructure", "src\Shared\Shared.Infrastructure\Shared.Infrastructure.csproj", "{C9D84BA0-1389-415C-966C-6CA6541677E1}"
EndProject
Project("{2150E333-8FDC-42A3-9474-1A3956D46DE8}") = "Modules", "Modules", "{EC447DCF-ABFA-6E24-52A5-D7FD48A5C558}"
EndProject
Project("{FAE04EC0-301F-11D3-BF4B-00C04F79EFBC}") = "MyApp.Api", "src\MyApp.Api\MyApp.Api.csproj", "{BA59031F-C66E-4596-BD95-210ADFD2F678}"
EndProject
Project("{2150E333-8FDC-42A3-9474-1A3956D46DE8}") = "tests", "tests", "{0AB3BF05-4346-4AA6-1389-037BE0695223}"
EndProject
Project("{FAE04EC0-301F-11D3-BF4B-00C04F79EFBC}") = "MyApp.UnitTests", "tests\MyApp.UnitTests\MyApp.UnitTests.csproj", "{8BA626DD-9ADD-4252-A6DF-21C7590DEB98}"
EndProject
Project("{FAE04EC0-301F-11D3-BF4B-00C04F79EFBC}") = "MyApp.IntegrationTests", "tests\MyApp.IntegrationTests\MyApp.IntegrationTests.csproj", "{C6BED79B-79FC-409C-A549-D5AFA32A6203}"
EndProject
Project("{2150E333-8FDC-42A3-9474-1A3956D46DE8}") = "Identity", "Identity", "{0EC62A1A-9858-3A60-8A0C-FC9AACFA2EC7}"
EndProject
Project("{FAE04EC0-301F-11D3-BF4B-00C04F79EFBC}") = "Identity.Domain", "src\Modules\Identity\Identity.Domain\Identity.Domain.csproj", "{AE0874D6-90F4-4B3C-9EBA-F1B55BE32DBF}"
EndProject
Project("{FAE04EC0-301F-11D3-BF4B-00C04F79EFBC}") = "Identity.Application", "src\Modules\Identity\Identity.Application\Identity.Application.csproj", "{0ACD3ABC-C9BF-4FC7-8E9C-00C56B90A3D5}"
EndProject
Project("{FAE04EC0-301F-11D3-BF4B-00C04F79EFBC}") = "Identity.Infrastructure", "src\Modules\Identity\Identity.Infrastructure\Identity.Infrastructure.csproj", "{18283E30-E0BB-42D0-9146-35B93A97070F}"
EndProject
Project("{FAE04EC0-301F-11D3-BF4B-00C04F79EFBC}") = "Identity.Api", "src\Modules\Identity\Identity.Api\Identity.Api.csproj", "{A7A4C714-E3F1-4167-BEB2-CAB1385EFA32}"
EndProject
Project("{2150E333-8FDC-42A3-9474-1A3956D46DE8}") = "Medical", "Medical", "{50B913F5-993F-E580-FCC8-1869B28ABED3}"
EndProject
Project("{FAE04EC0-301F-11D3-BF4B-00C04F79EFBC}") = "Medical.Domain", "src\Modules\Medical\Medical.Domain\Medical.Domain.csproj", "{5D30B747-0413-42DC-BFF3-A8134BDFCE7D}"
EndProject
Project("{FAE04EC0-301F-11D3-BF4B-00C04F79EFBC}") = "Medical.Application", "src\Modules\Medical\Medical.Application\Medical.Application.csproj", "{6065D074-0C6E-45C7-8FF3-526AE8CA222A}"
EndProject
Project("{FAE04EC0-301F-11D3-BF4B-00C04F79EFBC}") = "Medical.Infrastructure", "src\Modules\Medical\Medical.Infrastructure\Medical.Infrastructure.csproj", "{FB4E800F-76DA-40B6-94E2-F8EEF61E7ECF}"
EndProject
Project("{FAE04EC0-301F-11D3-BF4B-00C04F79EFBC}") = "Medical.Api", "src\Modules\Medical\Medical.Api\Medical.Api.csproj", "{E15A9ACE-87ED-49B0-B5BC-AFF748124AE6}"
EndProject
Project("{2150E333-8FDC-42A3-9474-1A3956D46DE8}") = "Scheduling", "Scheduling", "{F0F0C51C-F6A5-8ED5-E07B-23BB77F4B418}"
EndProject
Project("{FAE04EC0-301F-11D3-BF4B-00C04F79EFBC}") = "Scheduling.Domain", "src\Modules\Scheduling\Scheduling.Domain\Scheduling.Domain.csproj", "{83EFCEC2-261A-4F91-A0BB-260D5440C668}"
EndProject
Project("{FAE04EC0-301F-11D3-BF4B-00C04F79EFBC}") = "Scheduling.Application", "src\Modules\Scheduling\Scheduling.Application\Scheduling.Application.csproj", "{3620EDA6-7083-4E05-9F03-A5540EE41BAC}"
EndProject
Project("{FAE04EC0-301F-11D3-BF4B-00C04F79EFBC}") = "Scheduling.Infrastructure", "src\Modules\Scheduling\Scheduling.Infrastructure\Scheduling.Infrastructure.csproj", "{6BD7987A-783C-4BEC-B9DF-34E0630A858C}"
EndProject
Project("{FAE04EC0-301F-11D3-BF4B-00C04F79EFBC}") = "Scheduling.Api", "src\Modules\Scheduling\Scheduling.Api\Scheduling.Api.csproj", "{8EA972AA-D3AB-47B2-B70B-024C7D067313}"
EndProject
Project("{2150E333-8FDC-42A3-9474-1A3956D46DE8}") = "Appointments", "Appointments", "{8369B7AA-C3EA-D078-AD13-17E2EBBD3B30}"
EndProject
Project("{FAE04EC0-301F-11D3-BF4B-00C04F79EFBC}") = "Appointments.Domain", "src\Modules\Appointments\Appointments.Domain\Appointments.Domain.csproj", "{BE7CEE24-5CBB-4136-BD2B-A861817B0C76}"
EndProject
Project("{FAE04EC0-301F-11D3-BF4B-00C04F79EFBC}") = "Appointments.Application", "src\Modules\Appointments\Appointments.Application\Appointments.Application.csproj", "{3B339D83-B088-41EE-B3C2-CE37A0499D31}"
EndProject
Project("{FAE04EC0-301F-11D3-BF4B-00C04F79EFBC}") = "Appointments.Infrastructure", "src\Modules\Appointments\Appointments.Infrastructure\Appointments.Infrastructure.csproj", "{AA17BC27-A7E4-4DC1-9ED8-0A1BA48DCD42}"
EndProject
Project("{FAE04EC0-301F-11D3-BF4B-00C04F79EFBC}") = "Appointments.Api", "src\Modules\Appointments\Appointments.Api\Appointments.Api.csproj", "{F357147B-0D5E-4EF5-9FF9-4AD716F79215}"
EndProject
Project("{2150E333-8FDC-42A3-9474-1A3956D46DE8}") = "Insurance", "Insurance", "{8D410084-0020-817D-192A-A2EAB82CB9C8}"
EndProject
Project("{FAE04EC0-301F-11D3-BF4B-00C04F79EFBC}") = "Insurance.Domain", "src\Modules\Insurance\Insurance.Domain\Insurance.Domain.csproj", "{9BD66190-315A-456D-8C04-D96BC3D69ADA}"
EndProject
Project("{FAE04EC0-301F-11D3-BF4B-00C04F79EFBC}") = "Insurance.Application", "src\Modules\Insurance\Insurance.Application\Insurance.Application.csproj", "{B9BCFBF4-6B45-4109-B6BA-BB6B434A4A67}"
EndProject
Project("{FAE04EC0-301F-11D3-BF4B-00C04F79EFBC}") = "Insurance.Infrastructure", "src\Modules\Insurance\Insurance.Infrastructure\Insurance.Infrastructure.csproj", "{C880A4FE-0CC5-46C8-A6A5-112496523AAA}"
EndProject
Project("{FAE04EC0-301F-11D3-BF4B-00C04F79EFBC}") = "Insurance.Api", "src\Modules\Insurance\Insurance.Api\Insurance.Api.csproj", "{9F28B5DF-F81F-4988-81D7-F93030C57B6E}"
EndProject
Project("{2150E333-8FDC-42A3-9474-1A3956D46DE8}") = "Billing", "Billing", "{61DCC6D7-ECE4-129F-6A42-39B2DD414C68}"
EndProject
Project("{FAE04EC0-301F-11D3-BF4B-00C04F79EFBC}") = "Billing.Domain", "src\Modules\Billing\Billing.Domain\Billing.Domain.csproj", "{C61A1EAE-FE7E-40DE-BBE7-3FF721200E75}"
EndProject
Project("{FAE04EC0-301F-11D3-BF4B-00C04F79EFBC}") = "Billing.Infrastructure", "src\Modules\Billing\Billing.Infrastructure\Billing.Infrastructure.csproj", "{C658E996-C828-43B5-87E5-E95B24D88977}"
EndProject
Project("{FAE04EC0-301F-11D3-BF4B-00C04F79EFBC}") = "Billing.Api", "src\Modules\Billing\Billing.Api\Billing.Api.csproj", "{67B7A336-51B9-4437-BC45-43A0B47F2915}"
EndProject
Project("{FAE04EC0-301F-11D3-BF4B-00C04F79EFBC}") = "Billing.Application", "src\Modules\Billing\Billing.Application\Billing.Application.csproj", "{73A3CE64-C1BC-40D9-8AB7-E2163ECB17B0}"
EndProject
Project("{FAE04EC0-301F-11D3-BF4B-00C04F79EFBC}") = "Shared.Api", "src\Shared\Shared.Api\Shared.Api.csproj", "{28DC9980-B7CC-472E-9A7F-7835D982023D}"
EndProject
Project("{2150E333-8FDC-42A3-9474-1A3956D46DE8}") = "temp", "temp", "{29F3AA1B-6D75-C75D-9183-749A65CD24A7}"
EndProject
Project("{FAE04EC0-301F-11D3-BF4B-00C04F79EFBC}") = "CheckAsm", "temp\CheckAsm\CheckAsm.csproj", "{093C271D-EF63-4FAF-BE0D-2C5B38A9C1F3}"
EndProject
Global
	GlobalSection(SolutionConfigurationPlatforms) = preSolution
		Debug|Any CPU = Debug|Any CPU
		Debug|x64 = Debug|x64
		Debug|x86 = Debug|x86
		Release|Any CPU = Release|Any CPU
		Release|x64 = Release|x64
		Release|x86 = Release|x86
	EndGlobalSection
	GlobalSection(ProjectConfigurationPlatforms) = postSolution
		{5DAA961D-DD68-4AE7-8485-2E78CDC694F4}.Debug|Any CPU.ActiveCfg = Debug|Any CPU
		{5DAA961D-DD68-4AE7-8485-2E78CDC694F4}.Debug|Any CPU.Build.0 = Debug|Any CPU
		{5DAA961D-DD68-4AE7-8485-2E78CDC694F4}.Debug|x64.ActiveCfg = Debug|Any CPU
		{5DAA961D-DD68-4AE7-8485-2E78CDC694F4}.Debug|x64.Build.0 = Debug|Any CPU
		{5DAA961D-DD68-4AE7-8485-2E78CDC694F4}.Debug|x86.ActiveCfg = Debug|Any CPU
		{5DAA961D-DD68-4AE7-8485-2E78CDC694F4}.Debug|x86.Build.0 = Debug|Any CPU
		{5DAA961D-DD68-4AE7-8485-2E78CDC694F4}.Release|Any CPU.ActiveCfg = Release|Any CPU
		{5DAA961D-DD68-4AE7-8485-2E78CDC694F4}.Release|Any CPU.Build.0 = Release|Any CPU
		{5DAA961D-DD68-4AE7-8485-2E78CDC694F4}.Release|x64.ActiveCfg = Release|Any CPU
		{5DAA961D-DD68-4AE7-8485-2E78CDC694F4}.Release|x64.Build.0 = Release|Any CPU
		{5DAA961D-DD68-4AE7-8485-2E78CDC694F4}.Release|x86.ActiveCfg = Release|Any CPU
		{5DAA961D-DD68-4AE7-8485-2E78CDC694F4}.Release|x86.Build.0 = Release|Any CPU
		{E514A7C6-04DF-4B25-9223-004BD09D27C8}.Debug|Any CPU.ActiveCfg = Debug|Any CPU
		{E514A7C6-04DF-4B25-9223-004BD09D27C8}.Debug|Any CPU.Build.0 = Debug|Any CPU
		{E514A7C6-04DF-4B25-9223-004BD09D27C8}.Debug|x64.ActiveCfg = Debug|Any CPU
		{E514A7C6-04DF-4B25-9223-004BD09D27C8}.Debug|x64.Build.0 = Debug|Any CPU
		{E514A7C6-04DF-4B25-9223-004BD09D27C8}.Debug|x86.ActiveCfg = Debug|Any CPU
		{E514A7C6-04DF-4B25-9223-004BD09D27C8}.Debug|x86.Build.0 = Debug|Any CPU
		{E514A7C6-04DF-4B25-9223-004BD09D27C8}.Release|Any CPU.ActiveCfg = Release|Any CPU
		{E514A7C6-04DF-4B25-9223-004BD09D27C8}.Release|Any CPU.Build.0 = Release|Any CPU
		{E514A7C6-04DF-4B25-9223-004BD09D27C8}.Release|x64.ActiveCfg = Release|Any CPU
		{E514A7C6-04DF-4B25-9223-004BD09D27C8}.Release|x64.Build.0 = Release|Any CPU
		{E514A7C6-04DF-4B25-9223-004BD09D27C8}.Release|x86.ActiveCfg = Release|Any CPU
		{E514A7C6-04DF-4B25-9223-004BD09D27C8}.Release|x86.Build.0 = Release|Any CPU
		{C9D84BA0-1389-415C-966C-6CA6541677E1}.Debug|Any CPU.ActiveCfg = Debug|Any CPU
		{C9D84BA0-1389-415C-966C-6CA6541677E1}.Debug|Any CPU.Build.0 = Debug|Any CPU
		{C9D84BA0-1389-415C-966C-6CA6541677E1}.Debug|x64.ActiveCfg = Debug|Any CPU
		{C9D84BA0-1389-415C-966C-6CA6541677E1}.Debug|x64.Build.0 = Debug|Any CPU
		{C9D84BA0-1389-415C-966C-6CA6541677E1}.Debug|x86.ActiveCfg = Debug|Any CPU
		{C9D84BA0-1389-415C-966C-6CA6541677E1}.Debug|x86.Build.0 = Debug|Any CPU
		{C9D84BA0-1389-415C-966C-6CA6541677E1}.Release|Any CPU.ActiveCfg = Release|Any CPU
		{C9D84BA0-1389-415C-966C-6CA6541677E1}.Release|Any CPU.Build.0 = Release|Any CPU
		{C9D84BA0-1389-415C-966C-6CA6541677E1}.Release|x64.ActiveCfg = Release|Any CPU
		{C9D84BA0-1389-415C-966C-6CA6541677E1}.Release|x64.Build.0 = Release|Any CPU
		{C9D84BA0-1389-415C-966C-6CA6541677E1}.Release|x86.ActiveCfg = Release|Any CPU
		{C9D84BA0-1389-415C-966C-6CA6541677E1}.Release|x86.Build.0 = Release|Any CPU
		{BA59031F-C66E-4596-BD95-210ADFD2F678}.Debug|Any CPU.ActiveCfg = Debug|Any CPU
		{BA59031F-C66E-4596-BD95-210ADFD2F678}.Debug|Any CPU.Build.0 = Debug|Any CPU
		{BA59031F-C66E-4596-BD95-210ADFD2F678}.Debug|x64.ActiveCfg = Debug|Any CPU
		{BA59031F-C66E-4596-BD95-210ADFD2F678}.Debug|x64.Build.0 = Debug|Any CPU
		{BA59031F-C66E-4596-BD95-210ADFD2F678}.Debug|x86.ActiveCfg = Debug|Any CPU
		{BA59031F-C66E-4596-BD95-210ADFD2F678}.Debug|x86.Build.0 = Debug|Any CPU
		{BA59031F-C66E-4596-BD95-210ADFD2F678}.Release|Any CPU.ActiveCfg = Release|Any CPU
		{BA59031F-C66E-4596-BD95-210ADFD2F678}.Release|Any CPU.Build.0 = Release|Any CPU
		{BA59031F-C66E-4596-BD95-210ADFD2F678}.Release|x64.ActiveCfg = Release|Any CPU
		{BA59031F-C66E-4596-BD95-210ADFD2F678}.Release|x64.Build.0 = Release|Any CPU
		{BA59031F-C66E-4596-BD95-210ADFD2F678}.Release|x86.ActiveCfg = Release|Any CPU
		{BA59031F-C66E-4596-BD95-210ADFD2F678}.Release|x86.Build.0 = Release|Any CPU
		{8BA626DD-9ADD-4252-A6DF-21C7590DEB98}.Debug|Any CPU.ActiveCfg = Debug|Any CPU
		{8BA626DD-9ADD-4252-A6DF-21C7590DEB98}.Debug|Any CPU.Build.0 = Debug|Any CPU
		{8BA626DD-9ADD-4252-A6DF-21C7590DEB98}.Debug|x64.ActiveCfg = Debug|Any CPU
		{8BA626DD-9ADD-4252-A6DF-21C7590DEB98}.Debug|x64.Build.0 = Debug|Any CPU
		{8BA626DD-9ADD-4252-A6DF-21C7590DEB98}.Debug|x86.ActiveCfg = Debug|Any CPU
		{8BA626DD-9ADD-4252-A6DF-21C7590DEB98}.Debug|x86.Build.0 = Debug|Any CPU
		{8BA626DD-9ADD-4252-A6DF-21C7590DEB98}.Release|Any CPU.ActiveCfg = Release|Any CPU
		{8BA626DD-9ADD-4252-A6DF-21C7590DEB98}.Release|Any CPU.Build.0 = Release|Any CPU
		{8BA626DD-9ADD-4252-A6DF-21C7590DEB98}.Release|x64.ActiveCfg = Release|Any CPU
		{8BA626DD-9ADD-4252-A6DF-21C7590DEB98}.Release|x64.Build.0 = Release|Any CPU
		{8BA626DD-9ADD-4252-A6DF-21C7590DEB98}.Release|x86.ActiveCfg = Release|Any CPU
		{8BA626DD-9ADD-4252-A6DF-21C7590DEB98}.Release|x86.Build.0 = Release|Any CPU
		{C6BED79B-79FC-409C-A549-D5AFA32A6203}.Debug|Any CPU.ActiveCfg = Debug|Any CPU
		{C6BED79B-79FC-409C-A549-D5AFA32A6203}.Debug|Any CPU.Build.0 = Debug|Any CPU
		{C6BED79B-79FC-409C-A549-D5AFA32A6203}.Debug|x64.ActiveCfg = Debug|Any CPU
		{C6BED79B-79FC-409C-A549-D5AFA32A6203}.Debug|x64.Build.0 = Debug|Any CPU
		{C6BED79B-79FC-409C-A549-D5AFA32A6203}.Debug|x86.ActiveCfg = Debug|Any CPU
		{C6BED79B-79FC-409C-A549-D5AFA32A6203}.Debug|x86.Build.0 = Debug|Any CPU
		{C6BED79B-79FC-409C-A549-D5AFA32A6203}.Release|Any CPU.ActiveCfg = Release|Any CPU
		{C6BED79B-79FC-409C-A549-D5AFA32A6203}.Release|Any CPU.Build.0 = Release|Any CPU
		{C6BED79B-79FC-409C-A549-D5AFA32A6203}.Release|x64.ActiveCfg = Release|Any CPU
		{C6BED79B-79FC-409C-A549-D5AFA32A6203}.Release|x64.Build.0 = Release|Any CPU
		{C6BED79B-79FC-409C-A549-D5AFA32A6203}.Release|x86.ActiveCfg = Release|Any CPU
		{C6BED79B-79FC-409C-A549-D5AFA32A6203}.Release|x86.Build.0 = Release|Any CPU
		{AE0874D6-90F4-4B3C-9EBA-F1B55BE32DBF}.Debug|Any CPU.ActiveCfg = Debug|Any CPU
		{AE0874D6-90F4-4B3C-9EBA-F1B55BE32DBF}.Debug|Any CPU.Build.0 = Debug|Any CPU
		{AE0874D6-90F4-4B3C-9EBA-F1B55BE32DBF}.Debug|x64.ActiveCfg = Debug|Any CPU
		{AE0874D6-90F4-4B3C-9EBA-F1B55BE32DBF}.Debug|x64.Build.0 = Debug|Any CPU
		{AE0874D6-90F4-4B3C-9EBA-F1B55BE32DBF}.Debug|x86.ActiveCfg = Debug|Any CPU
		{AE0874D6-90F4-4B3C-9EBA-F1B55BE32DBF}.Debug|x86.Build.0 = Debug|Any CPU
		{AE0874D6-90F4-4B3C-9EBA-F1B55BE32DBF}.Release|Any CPU.ActiveCfg = Release|Any CPU
		{AE0874D6-90F4-4B3C-9EBA-F1B55BE32DBF}.Release|Any CPU.Build.0 = Release|Any CPU
		{AE0874D6-90F4-4B3C-9EBA-F1B55BE32DBF}.Release|x64.ActiveCfg = Release|Any CPU
		{AE0874D6-90F4-4B3C-9EBA-F1B55BE32DBF}.Release|x64.Build.0 = Release|Any CPU
		{AE0874D6-90F4-4B3C-9EBA-F1B55BE32DBF}.Release|x86.ActiveCfg = Release|Any CPU
		{AE0874D6-90F4-4B3C-9EBA-F1B55BE32DBF}.Release|x86.Build.0 = Release|Any CPU
		{0ACD3ABC-C9BF-4FC7-8E9C-00C56B90A3D5}.Debug|Any CPU.ActiveCfg = Debug|Any CPU
		{0ACD3ABC-C9BF-4FC7-8E9C-00C56B90A3D5}.Debug|Any CPU.Build.0 = Debug|Any CPU
		{0ACD3ABC-C9BF-4FC7-8E9C-00C56B90A3D5}.Debug|x64.ActiveCfg = Debug|Any CPU
		{0ACD3ABC-C9BF-4FC7-8E9C-00C56B90A3D5}.Debug|x64.Build.0 = Debug|Any CPU
		{0ACD3ABC-C9BF-4FC7-8E9C-00C56B90A3D5}.Debug|x86.ActiveCfg = Debug|Any CPU
		{0ACD3ABC-C9BF-4FC7-8E9C-00C56B90A3D5}.Debug|x86.Build.0 = Debug|Any CPU
		{0ACD3ABC-C9BF-4FC7-8E9C-00C56B90A3D5}.Release|Any CPU.ActiveCfg = Release|Any CPU
		{0ACD3ABC-C9BF-4FC7-8E9C-00C56B90A3D5}.Release|Any CPU.Build.0 = Release|Any CPU
		{0ACD3ABC-C9BF-4FC7-8E9C-00C56B90A3D5}.Release|x64.ActiveCfg = Release|Any CPU
		{0ACD3ABC-C9BF-4FC7-8E9C-00C56B90A3D5}.Release|x64.Build.0 = Release|Any CPU
		{0ACD3ABC-C9BF-4FC7-8E9C-00C56B90A3D5}.Release|x86.ActiveCfg = Release|Any CPU
		{0ACD3ABC-C9BF-4FC7-8E9C-00C56B90A3D5}.Release|x86.Build.0 = Release|Any CPU
		{18283E30-E0BB-42D0-9146-35B93A97070F}.Debug|Any CPU.ActiveCfg = Debug|Any CPU
		{18283E30-E0BB-42D0-9146-35B93A97070F}.Debug|Any CPU.Build.0 = Debug|Any CPU
		{18283E30-E0BB-42D0-9146-35B93A97070F}.Debug|x64.ActiveCfg = Debug|Any CPU
		{18283E30-E0BB-42D0-9146-35B93A97070F}.Debug|x64.Build.0 = Debug|Any CPU
		{18283E30-E0BB-42D0-9146-35B93A97070F}.Debug|x86.ActiveCfg = Debug|Any CPU
		{18283E30-E0BB-42D0-9146-35B93A97070F}.Debug|x86.Build.0 = Debug|Any CPU
		{18283E30-E0BB-42D0-9146-35B93A97070F}.Release|Any CPU.ActiveCfg = Release|Any CPU
		{18283E30-E0BB-42D0-9146-35B93A97070F}.Release|Any CPU.Build.0 = Release|Any CPU
		{18283E30-E0BB-42D0-9146-35B93A97070F}.Release|x64.ActiveCfg = Release|Any CPU
		{18283E30-E0BB-42D0-9146-35B93A97070F}.Release|x64.Build.0 = Release|Any CPU
		{18283E30-E0BB-42D0-9146-35B93A97070F}.Release|x86.ActiveCfg = Release|Any CPU
		{18283E30-E0BB-42D0-9146-35B93A97070F}.Release|x86.Build.0 = Release|Any CPU
		{A7A4C714-E3F1-4167-BEB2-CAB1385EFA32}.Debug|Any CPU.ActiveCfg = Debug|Any CPU
		{A7A4C714-E3F1-4167-BEB2-CAB1385EFA32}.Debug|Any CPU.Build.0 = Debug|Any CPU
		{A7A4C714-E3F1-4167-BEB2-CAB1385EFA32}.Debug|x64.ActiveCfg = Debug|Any CPU
		{A7A4C714-E3F1-4167-BEB2-CAB1385EFA32}.Debug|x64.Build.0 = Debug|Any CPU
		{A7A4C714-E3F1-4167-BEB2-CAB1385EFA32}.Debug|x86.ActiveCfg = Debug|Any CPU
		{A7A4C714-E3F1-4167-BEB2-CAB1385EFA32}.Debug|x86.Build.0 = Debug|Any CPU
		{A7A4C714-E3F1-4167-BEB2-CAB1385EFA32}.Release|Any CPU.ActiveCfg = Release|Any CPU
		{A7A4C714-E3F1-4167-BEB2-CAB1385EFA32}.Release|Any CPU.Build.0 = Release|Any CPU
		{A7A4C714-E3F1-4167-BEB2-CAB1385EFA32}.Release|x64.ActiveCfg = Release|Any CPU
		{A7A4C714-E3F1-4167-BEB2-CAB1385EFA32}.Release|x64.Build.0 = Release|Any CPU
		{A7A4C714-E3F1-4167-BEB2-CAB1385EFA32}.Release|x86.ActiveCfg = Release|Any CPU
		{A7A4C714-E3F1-4167-BEB2-CAB1385EFA32}.Release|x86.Build.0 = Release|Any CPU
		{5D30B747-0413-42DC-BFF3-A8134BDFCE7D}.Debug|Any CPU.ActiveCfg = Debug|Any CPU
		{5D30B747-0413-42DC-BFF3-A8134BDFCE7D}.Debug|Any CPU.Build.0 = Debug|Any CPU
		{5D30B747-0413-42DC-BFF3-A8134BDFCE7D}.Debug|x64.ActiveCfg = Debug|Any CPU
		{5D30B747-0413-42DC-BFF3-A8134BDFCE7D}.Debug|x64.Build.0 = Debug|Any CPU
		{5D30B747-0413-42DC-BFF3-A8134BDFCE7D}.Debug|x86.ActiveCfg = Debug|Any CPU
		{5D30B747-0413-42DC-BFF3-A8134BDFCE7D}.Debug|x86.Build.0 = Debug|Any CPU
		{5D30B747-0413-42DC-BFF3-A8134BDFCE7D}.Release|Any CPU.ActiveCfg = Release|Any CPU
		{5D30B747-0413-42DC-BFF3-A8134BDFCE7D}.Release|Any CPU.Build.0 = Release|Any CPU
		{5D30B747-0413-42DC-BFF3-A8134BDFCE7D}.Release|x64.ActiveCfg = Release|Any CPU
		{5D30B747-0413-42DC-BFF3-A8134BDFCE7D}.Release|x64.Build.0 = Release|Any CPU
		{5D30B747-0413-42DC-BFF3-A8134BDFCE7D}.Release|x86.ActiveCfg = Release|Any CPU
		{5D30B747-0413-42DC-BFF3-A8134BDFCE7D}.Release|x86.Build.0 = Release|Any CPU
		{6065D074-0C6E-45C7-8FF3-526AE8CA222A}.Debug|Any CPU.ActiveCfg = Debug|Any CPU
		{6065D074-0C6E-45C7-8FF3-526AE8CA222A}.Debug|Any CPU.Build.0 = Debug|Any CPU
		{6065D074-0C6E-45C7-8FF3-526AE8CA222A}.Debug|x64.ActiveCfg = Debug|Any CPU
		{6065D074-0C6E-45C7-8FF3-526AE8CA222A}.Debug|x64.Build.0 = Debug|Any CPU
		{6065D074-0C6E-45C7-8FF3-526AE8CA222A}.Debug|x86.ActiveCfg = Debug|Any CPU
		{6065D074-0C6E-45C7-8FF3-526AE8CA222A}.Debug|x86.Build.0 = Debug|Any CPU
		{6065D074-0C6E-45C7-8FF3-526AE8CA222A}.Release|Any CPU.ActiveCfg = Release|Any CPU
		{6065D074-0C6E-45C7-8FF3-526AE8CA222A}.Release|Any CPU.Build.0 = Release|Any CPU
		{6065D074-0C6E-45C7-8FF3-526AE8CA222A}.Release|x64.ActiveCfg = Release|Any CPU
		{6065D074-0C6E-45C7-8FF3-526AE8CA222A}.Release|x64.Build.0 = Release|Any CPU
		{6065D074-0C6E-45C7-8FF3-526AE8CA222A}.Release|x86.ActiveCfg = Release|Any CPU
		{6065D074-0C6E-45C7-8FF3-526AE8CA222A}.Release|x86.Build.0 = Release|Any CPU
		{FB4E800F-76DA-40B6-94E2-F8EEF61E7ECF}.Debug|Any CPU.ActiveCfg = Debug|Any CPU
		{FB4E800F-76DA-40B6-94E2-F8EEF61E7ECF}.Debug|Any CPU.Build.0 = Debug|Any CPU
		{FB4E800F-76DA-40B6-94E2-F8EEF61E7ECF}.Debug|x64.ActiveCfg = Debug|Any CPU
		{FB4E800F-76DA-40B6-94E2-F8EEF61E7ECF}.Debug|x64.Build.0 = Debug|Any CPU
		{FB4E800F-76DA-40B6-94E2-F8EEF61E7ECF}.Debug|x86.ActiveCfg = Debug|Any CPU
		{FB4E800F-76DA-40B6-94E2-F8EEF61E7ECF}.Debug|x86.Build.0 = Debug|Any CPU
		{FB4E800F-76DA-40B6-94E2-F8EEF61E7ECF}.Release|Any CPU.ActiveCfg = Release|Any CPU
		{FB4E800F-76DA-40B6-94E2-F8EEF61E7ECF}.Release|Any CPU.Build.0 = Release|Any CPU
		{FB4E800F-76DA-40B6-94E2-F8EEF61E7ECF}.Release|x64.ActiveCfg = Release|Any CPU
		{FB4E800F-76DA-40B6-94E2-F8EEF61E7ECF}.Release|x64.Build.0 = Release|Any CPU
		{FB4E800F-76DA-40B6-94E2-F8EEF61E7ECF}.Release|x86.ActiveCfg = Release|Any CPU
		{FB4E800F-76DA-40B6-94E2-F8EEF61E7ECF}.Release|x86.Build.0 = Release|Any CPU
		{E15A9ACE-87ED-49B0-B5BC-AFF748124AE6}.Debug|Any CPU.ActiveCfg = Debug|Any CPU
		{E15A9ACE-87ED-49B0-B5BC-AFF748124AE6}.Debug|Any CPU.Build.0 = Debug|Any CPU
		{E15A9ACE-87ED-49B0-B5BC-AFF748124AE6}.Debug|x64.ActiveCfg = Debug|Any CPU
		{E15A9ACE-87ED-49B0-B5BC-AFF748124AE6}.Debug|x64.Build.0 = Debug|Any CPU
		{E15A9ACE-87ED-49B0-B5BC-AFF748124AE6}.Debug|x86.ActiveCfg = Debug|Any CPU
		{E15A9ACE-87ED-49B0-B5BC-AFF748124AE6}.Debug|x86.Build.0 = Debug|Any CPU
		{E15A9ACE-87ED-49B0-B5BC-AFF748124AE6}.Release|Any CPU.ActiveCfg = Release|Any CPU
		{E15A9ACE-87ED-49B0-B5BC-AFF748124AE6}.Release|Any CPU.Build.0 = Release|Any CPU
		{E15A9ACE-87ED-49B0-B5BC-AFF748124AE6}.Release|x64.ActiveCfg = Release|Any CPU
		{E15A9ACE-87ED-49B0-B5BC-AFF748124AE6}.Release|x64.Build.0 = Release|Any CPU
		{E15A9ACE-87ED-49B0-B5BC-AFF748124AE6}.Release|x86.ActiveCfg = Release|Any CPU
		{E15A9ACE-87ED-49B0-B5BC-AFF748124AE6}.Release|x86.Build.0 = Release|Any CPU
		{83EFCEC2-261A-4F91-A0BB-260D5440C668}.Debug|Any CPU.ActiveCfg = Debug|Any CPU
		{83EFCEC2-261A-4F91-A0BB-260D5440C668}.Debug|Any CPU.Build.0 = Debug|Any CPU
		{83EFCEC2-261A-4F91-A0BB-260D5440C668}.Debug|x64.ActiveCfg = Debug|Any CPU
		{83EFCEC2-261A-4F91-A0BB-260D5440C668}.Debug|x64.Build.0 = Debug|Any CPU
		{83EFCEC2-261A-4F91-A0BB-260D5440C668}.Debug|x86.ActiveCfg = Debug|Any CPU
		{83EFCEC2-261A-4F91-A0BB-260D5440C668}.Debug|x86.Build.0 = Debug|Any CPU
		{83EFCEC2-261A-4F91-A0BB-260D5440C668}.Release|Any CPU.ActiveCfg = Release|Any CPU
		{83EFCEC2-261A-4F91-A0BB-260D5440C668}.Release|Any CPU.Build.0 = Release|Any CPU
		{83EFCEC2-261A-4F91-A0BB-260D5440C668}.Release|x64.ActiveCfg = Release|Any CPU
		{83EFCEC2-261A-4F91-A0BB-260D5440C668}.Release|x64.Build.0 = Release|Any CPU
		{83EFCEC2-261A-4F91-A0BB-260D5440C668}.Release|x86.ActiveCfg = Release|Any CPU
		{83EFCEC2-261A-4F91-A0BB-260D5440C668}.Release|x86.Build.0 = Release|Any CPU
		{3620EDA6-7083-4E05-9F03-A5540EE41BAC}.Debug|Any CPU.ActiveCfg = Debug|Any CPU
		{3620EDA6-7083-4E05-9F03-A5540EE41BAC}.Debug|Any CPU.Build.0 = Debug|Any CPU
		{3620EDA6-7083-4E05-9F03-A5540EE41BAC}.Debug|x64.ActiveCfg = Debug|Any CPU
		{3620EDA6-7083-4E05-9F03-A5540EE41BAC}.Debug|x64.Build.0 = Debug|Any CPU
		{3620EDA6-7083-4E05-9F03-A5540EE41BAC}.Debug|x86.ActiveCfg = Debug|Any CPU
		{3620EDA6-7083-4E05-9F03-A5540EE41BAC}.Debug|x86.Build.0 = Debug|Any CPU
		{3620EDA6-7083-4E05-9F03-A5540EE41BAC}.Release|Any CPU.ActiveCfg = Release|Any CPU
		{3620EDA6-7083-4E05-9F03-A5540EE41BAC}.Release|Any CPU.Build.0 = Release|Any CPU
		{3620EDA6-7083-4E05-9F03-A5540EE41BAC}.Release|x64.ActiveCfg = Release|Any CPU
		{3620EDA6-7083-4E05-9F03-A5540EE41BAC}.Release|x64.Build.0 = Release|Any CPU
		{3620EDA6-7083-4E05-9F03-A5540EE41BAC}.Release|x86.ActiveCfg = Release|Any CPU
		{3620EDA6-7083-4E05-9F03-A5540EE41BAC}.Release|x86.Build.0 = Release|Any CPU
		{6BD7987A-783C-4BEC-B9DF-34E0630A858C}.Debug|Any CPU.ActiveCfg = Debug|Any CPU
		{6BD7987A-783C-4BEC-B9DF-34E0630A858C}.Debug|Any CPU.Build.0 = Debug|Any CPU
		{6BD7987A-783C-4BEC-B9DF-34E0630A858C}.Debug|x64.ActiveCfg = Debug|Any CPU
		{6BD7987A-783C-4BEC-B9DF-34E0630A858C}.Debug|x64.Build.0 = Debug|Any CPU
		{6BD7987A-783C-4BEC-B9DF-34E0630A858C}.Debug|x86.ActiveCfg = Debug|Any CPU
		{6BD7987A-783C-4BEC-B9DF-34E0630A858C}.Debug|x86.Build.0 = Debug|Any CPU
		{6BD7987A-783C-4BEC-B9DF-34E0630A858C}.Release|Any CPU.ActiveCfg = Release|Any CPU
		{6BD7987A-783C-4BEC-B9DF-34E0630A858C}.Release|Any CPU.Build.0 = Release|Any CPU
		{6BD7987A-783C-4BEC-B9DF-34E0630A858C}.Release|x64.ActiveCfg = Release|Any CPU
		{6BD7987A-783C-4BEC-B9DF-34E0630A858C}.Release|x64.Build.0 = Release|Any CPU
		{6BD7987A-783C-4BEC-B9DF-34E0630A858C}.Release|x86.ActiveCfg = Release|Any CPU
		{6BD7987A-783C-4BEC-B9DF-34E0630A858C}.Release|x86.Build.0 = Release|Any CPU
		{8EA972AA-D3AB-47B2-B70B-024C7D067313}.Debug|Any CPU.ActiveCfg = Debug|Any CPU
		{8EA972AA-D3AB-47B2-B70B-024C7D067313}.Debug|Any CPU.Build.0 = Debug|Any CPU
		{8EA972AA-D3AB-47B2-B70B-024C7D067313}.Debug|x64.ActiveCfg = Debug|Any CPU
		{8EA972AA-D3AB-47B2-B70B-024C7D067313}.Debug|x64.Build.0 = Debug|Any CPU
		{8EA972AA-D3AB-47B2-B70B-024C7D067313}.Debug|x86.ActiveCfg = Debug|Any CPU
		{8EA972AA-D3AB-47B2-B70B-024C7D067313}.Debug|x86.Build.0 = Debug|Any CPU
		{8EA972AA-D3AB-47B2-B70B-024C7D067313}.Release|Any CPU.ActiveCfg = Release|Any CPU
		{8EA972AA-D3AB-47B2-B70B-024C7D067313}.Release|Any CPU.Build.0 = Release|Any CPU
		{8EA972AA-D3AB-47B2-B70B-024C7D067313}.Release|x64.ActiveCfg = Release|Any CPU
		{8EA972AA-D3AB-47B2-B70B-024C7D067313}.Release|x64.Build.0 = Release|Any CPU
		{8EA972AA-D3AB-47B2-B70B-024C7D067313}.Release|x86.ActiveCfg = Release|Any CPU
		{8EA972AA-D3AB-47B2-B70B-024C7D067313}.Release|x86.Build.0 = Release|Any CPU
		{BE7CEE24-5CBB-4136-BD2B-A861817B0C76}.Debug|Any CPU.ActiveCfg = Debug|Any CPU
		{BE7CEE24-5CBB-4136-BD2B-A861817B0C76}.Debug|Any CPU.Build.0 = Debug|Any CPU
		{BE7CEE24-5CBB-4136-BD2B-A861817B0C76}.Debug|x64.ActiveCfg = Debug|Any CPU
		{BE7CEE24-5CBB-4136-BD2B-A861817B0C76}.Debug|x64.Build.0 = Debug|Any CPU
		{BE7CEE24-5CBB-4136-BD2B-A861817B0C76}.Debug|x86.ActiveCfg = Debug|Any CPU
		{BE7CEE24-5CBB-4136-BD2B-A861817B0C76}.Debug|x86.Build.0 = Debug|Any CPU
		{BE7CEE24-5CBB-4136-BD2B-A861817B0C76}.Release|Any CPU.ActiveCfg = Release|Any CPU
		{BE7CEE24-5CBB-4136-BD2B-A861817B0C76}.Release|Any CPU.Build.0 = Release|Any CPU
		{BE7CEE24-5CBB-4136-BD2B-A861817B0C76}.Release|x64.ActiveCfg = Release|Any CPU
		{BE7CEE24-5CBB-4136-BD2B-A861817B0C76}.Release|x64.Build.0 = Release|Any CPU
		{BE7CEE24-5CBB-4136-BD2B-A861817B0C76}.Release|x86.ActiveCfg = Release|Any CPU
		{BE7CEE24-5CBB-4136-BD2B-A861817B0C76}.Release|x86.Build.0 = Release|Any CPU
		{3B339D83-B088-41EE-B3C2-CE37A0499D31}.Debug|Any CPU.ActiveCfg = Debug|Any CPU
		{3B339D83-B088-41EE-B3C2-CE37A0499D31}.Debug|Any CPU.Build.0 = Debug|Any CPU
		{3B339D83-B088-41EE-B3C2-CE37A0499D31}.Debug|x64.ActiveCfg = Debug|Any CPU
		{3B339D83-B088-41EE-B3C2-CE37A0499D31}.Debug|x64.Build.0 = Debug|Any CPU
		{3B339D83-B088-41EE-B3C2-CE37A0499D31}.Debug|x86.ActiveCfg = Debug|Any CPU
		{3B339D83-B088-41EE-B3C2-CE37A0499D31}.Debug|x86.Build.0 = Debug|Any CPU
		{3B339D83-B088-41EE-B3C2-CE37A0499D31}.Release|Any CPU.ActiveCfg = Release|Any CPU
		{3B339D83-B088-41EE-B3C2-CE37A0499D31}.Release|Any CPU.Build.0 = Release|Any CPU
		{3B339D83-B088-41EE-B3C2-CE37A0499D31}.Release|x64.ActiveCfg = Release|Any CPU
		{3B339D83-B088-41EE-B3C2-CE37A0499D31}.Release|x64.Build.0 = Release|Any CPU
		{3B339D83-B088-41EE-B3C2-CE37A0499D31}.Release|x86.ActiveCfg = Release|Any CPU
		{3B339D83-B088-41EE-B3C2-CE37A0499D31}.Release|x86.Build.0 = Release|Any CPU
		{AA17BC27-A7E4-4DC1-9ED8-0A1BA48DCD42}.Debug|Any CPU.ActiveCfg = Debug|Any CPU
		{AA17BC27-A7E4-4DC1-9ED8-0A1BA48DCD42}.Debug|Any CPU.Build.0 = Debug|Any CPU
		{AA17BC27-A7E4-4DC1-9ED8-0A1BA48DCD42}.Debug|x64.ActiveCfg = Debug|Any CPU
		{AA17BC27-A7E4-4DC1-9ED8-0A1BA48DCD42}.Debug|x64.Build.0 = Debug|Any CPU
		{AA17BC27-A7E4-4DC1-9ED8-0A1BA48DCD42}.Debug|x86.ActiveCfg = Debug|Any CPU
		{AA17BC27-A7E4-4DC1-9ED8-0A1BA48DCD42}.Debug|x86.Build.0 = Debug|Any CPU
		{AA17BC27-A7E4-4DC1-9ED8-0A1BA48DCD42}.Release|Any CPU.ActiveCfg = Release|Any CPU
		{AA17BC27-A7E4-4DC1-9ED8-0A1BA48DCD42}.Release|Any CPU.Build.0 = Release|Any CPU
		{AA17BC27-A7E4-4DC1-9ED8-0A1BA48DCD42}.Release|x64.ActiveCfg = Release|Any CPU
		{AA17BC27-A7E4-4DC1-9ED8-0A1BA48DCD42}.Release|x64.Build.0 = Release|Any CPU
		{AA17BC27-A7E4-4DC1-9ED8-0A1BA48DCD42}.Release|x86.ActiveCfg = Release|Any CPU
		{AA17BC27-A7E4-4DC1-9ED8-0A1BA48DCD42}.Release|x86.Build.0 = Release|Any CPU
		{F357147B-0D5E-4EF5-9FF9-4AD716F79215}.Debug|Any CPU.ActiveCfg = Debug|Any CPU
		{F357147B-0D5E-4EF5-9FF9-4AD716F79215}.Debug|Any CPU.Build.0 = Debug|Any CPU
		{F357147B-0D5E-4EF5-9FF9-4AD716F79215}.Debug|x64.ActiveCfg = Debug|Any CPU
		{F357147B-0D5E-4EF5-9FF9-4AD716F79215}.Debug|x64.Build.0 = Debug|Any CPU
		{F357147B-0D5E-4EF5-9FF9-4AD716F79215}.Debug|x86.ActiveCfg = Debug|Any CPU
		{F357147B-0D5E-4EF5-9FF9-4AD716F79215}.Debug|x86.Build.0 = Debug|Any CPU
		{F357147B-0D5E-4EF5-9FF9-4AD716F79215}.Release|Any CPU.ActiveCfg = Release|Any CPU
		{F357147B-0D5E-4EF5-9FF9-4AD716F79215}.Release|Any CPU.Build.0 = Release|Any CPU
		{F357147B-0D5E-4EF5-9FF9-4AD716F79215}.Release|x64.ActiveCfg = Release|Any CPU
		{F357147B-0D5E-4EF5-9FF9-4AD716F79215}.Release|x64.Build.0 = Release|Any CPU
		{F357147B-0D5E-4EF5-9FF9-4AD716F79215}.Release|x86.ActiveCfg = Release|Any CPU
		{F357147B-0D5E-4EF5-9FF9-4AD716F79215}.Release|x86.Build.0 = Release|Any CPU
		{9BD66190-315A-456D-8C04-D96BC3D69ADA}.Debug|Any CPU.ActiveCfg = Debug|Any CPU
		{9BD66190-315A-456D-8C04-D96BC3D69ADA}.Debug|Any CPU.Build.0 = Debug|Any CPU
		{9BD66190-315A-456D-8C04-D96BC3D69ADA}.Debug|x64.ActiveCfg = Debug|Any CPU
		{9BD66190-315A-456D-8C04-D96BC3D69ADA}.Debug|x64.Build.0 = Debug|Any CPU
		{9BD66190-315A-456D-8C04-D96BC3D69ADA}.Debug|x86.ActiveCfg = Debug|Any CPU
		{9BD66190-315A-456D-8C04-D96BC3D69ADA}.Debug|x86.Build.0 = Debug|Any CPU
		{9BD66190-315A-456D-8C04-D96BC3D69ADA}.Release|Any CPU.ActiveCfg = Release|Any CPU
		{9BD66190-315A-456D-8C04-D96BC3D69ADA}.Release|Any CPU.Build.0 = Release|Any CPU
		{9BD66190-315A-456D-8C04-D96BC3D69ADA}.Release|x64.ActiveCfg = Release|Any CPU
		{9BD66190-315A-456D-8C04-D96BC3D69ADA}.Release|x64.Build.0 = Release|Any CPU
		{9BD66190-315A-456D-8C04-D96BC3D69ADA}.Release|x86.ActiveCfg = Release|Any CPU
		{9BD66190-315A-456D-8C04-D96BC3D69ADA}.Release|x86.Build.0 = Release|Any CPU
		{B9BCFBF4-6B45-4109-B6BA-BB6B434A4A67}.Debug|Any CPU.ActiveCfg = Debug|Any CPU
		{B9BCFBF4-6B45-4109-B6BA-BB6B434A4A67}.Debug|Any CPU.Build.0 = Debug|Any CPU
		{B9BCFBF4-6B45-4109-B6BA-BB6B434A4A67}.Debug|x64.ActiveCfg = Debug|Any CPU
		{B9BCFBF4-6B45-4109-B6BA-BB6B434A4A67}.Debug|x64.Build.0 = Debug|Any CPU
		{B9BCFBF4-6B45-4109-B6BA-BB6B434A4A67}.Debug|x86.ActiveCfg = Debug|Any CPU
		{B9BCFBF4-6B45-4109-B6BA-BB6B434A4A67}.Debug|x86.Build.0 = Debug|Any CPU
		{B9BCFBF4-6B45-4109-B6BA-BB6B434A4A67}.Release|Any CPU.ActiveCfg = Release|Any CPU
		{B9BCFBF4-6B45-4109-B6BA-BB6B434A4A67}.Release|Any CPU.Build.0 = Release|Any CPU
		{B9BCFBF4-6B45-4109-B6BA-BB6B434A4A67}.Release|x64.ActiveCfg = Release|Any CPU
		{B9BCFBF4-6B45-4109-B6BA-BB6B434A4A67}.Release|x64.Build.0 = Release|Any CPU
		{B9BCFBF4-6B45-4109-B6BA-BB6B434A4A67}.Release|x86.ActiveCfg = Release|Any CPU
		{B9BCFBF4-6B45-4109-B6BA-BB6B434A4A67}.Release|x86.Build.0 = Release|Any CPU
		{C880A4FE-0CC5-46C8-A6A5-112496523AAA}.Debug|Any CPU.ActiveCfg = Debug|Any CPU
		{C880A4FE-0CC5-46C8-A6A5-112496523AAA}.Debug|Any CPU.Build.0 = Debug|Any CPU
		{C880A4FE-0CC5-46C8-A6A5-112496523AAA}.Debug|x64.ActiveCfg = Debug|Any CPU
		{C880A4FE-0CC5-46C8-A6A5-112496523AAA}.Debug|x64.Build.0 = Debug|Any CPU
		{C880A4FE-0CC5-46C8-A6A5-112496523AAA}.Debug|x86.ActiveCfg = Debug|Any CPU
		{C880A4FE-0CC5-46C8-A6A5-112496523AAA}.Debug|x86.Build.0 = Debug|Any CPU
		{C880A4FE-0CC5-46C8-A6A5-112496523AAA}.Release|Any CPU.ActiveCfg = Release|Any CPU
		{C880A4FE-0CC5-46C8-A6A5-112496523AAA}.Release|Any CPU.Build.0 = Release|Any CPU
		{C880A4FE-0CC5-46C8-A6A5-112496523AAA}.Release|x64.ActiveCfg = Release|Any CPU
		{C880A4FE-0CC5-46C8-A6A5-112496523AAA}.Release|x64.Build.0 = Release|Any CPU
		{C880A4FE-0CC5-46C8-A6A5-112496523AAA}.Release|x86.ActiveCfg = Release|Any CPU
		{C880A4FE-0CC5-46C8-A6A5-112496523AAA}.Release|x86.Build.0 = Release|Any CPU
		{9F28B5DF-F81F-4988-81D7-F93030C57B6E}.Debug|Any CPU.ActiveCfg = Debug|Any CPU
		{9F28B5DF-F81F-4988-81D7-F93030C57B6E}.Debug|Any CPU.Build.0 = Debug|Any CPU
		{9F28B5DF-F81F-4988-81D7-F93030C57B6E}.Debug|x64.ActiveCfg = Debug|Any CPU
		{9F28B5DF-F81F-4988-81D7-F93030C57B6E}.Debug|x64.Build.0 = Debug|Any CPU
		{9F28B5DF-F81F-4988-81D7-F93030C57B6E}.Debug|x86.ActiveCfg = Debug|Any CPU
		{9F28B5DF-F81F-4988-81D7-F93030C57B6E}.Debug|x86.Build.0 = Debug|Any CPU
		{9F28B5DF-F81F-4988-81D7-F93030C57B6E}.Release|Any CPU.ActiveCfg = Release|Any CPU
		{9F28B5DF-F81F-4988-81D7-F93030C57B6E}.Release|Any CPU.Build.0 = Release|Any CPU
		{9F28B5DF-F81F-4988-81D7-F93030C57B6E}.Release|x64.ActiveCfg = Release|Any CPU
		{9F28B5DF-F81F-4988-81D7-F93030C57B6E}.Release|x64.Build.0 = Release|Any CPU
		{9F28B5DF-F81F-4988-81D7-F93030C57B6E}.Release|x86.ActiveCfg = Release|Any CPU
		{9F28B5DF-F81F-4988-81D7-F93030C57B6E}.Release|x86.Build.0 = Release|Any CPU
		{C61A1EAE-FE7E-40DE-BBE7-3FF721200E75}.Debug|Any CPU.ActiveCfg = Debug|Any CPU
		{C61A1EAE-FE7E-40DE-BBE7-3FF721200E75}.Debug|Any CPU.Build.0 = Debug|Any CPU
		{C61A1EAE-FE7E-40DE-BBE7-3FF721200E75}.Debug|x64.ActiveCfg = Debug|Any CPU
		{C61A1EAE-FE7E-40DE-BBE7-3FF721200E75}.Debug|x64.Build.0 = Debug|Any CPU
		{C61A1EAE-FE7E-40DE-BBE7-3FF721200E75}.Debug|x86.ActiveCfg = Debug|Any CPU
		{C61A1EAE-FE7E-40DE-BBE7-3FF721200E75}.Debug|x86.Build.0 = Debug|Any CPU
		{C61A1EAE-FE7E-40DE-BBE7-3FF721200E75}.Release|Any CPU.ActiveCfg = Release|Any CPU
		{C61A1EAE-FE7E-40DE-BBE7-3FF721200E75}.Release|Any CPU.Build.0 = Release|Any CPU
		{C61A1EAE-FE7E-40DE-BBE7-3FF721200E75}.Release|x64.ActiveCfg = Release|Any CPU
		{C61A1EAE-FE7E-40DE-BBE7-3FF721200E75}.Release|x64.Build.0 = Release|Any CPU
		{C61A1EAE-FE7E-40DE-BBE7-3FF721200E75}.Release|x86.ActiveCfg = Release|Any CPU
		{C61A1EAE-FE7E-40DE-BBE7-3FF721200E75}.Release|x86.Build.0 = Release|Any CPU
		{C658E996-C828-43B5-87E5-E95B24D88977}.Debug|Any CPU.ActiveCfg = Debug|Any CPU
		{C658E996-C828-43B5-87E5-E95B24D88977}.Debug|Any CPU.Build.0 = Debug|Any CPU
		{C658E996-C828-43B5-87E5-E95B24D88977}.Debug|x64.ActiveCfg = Debug|Any CPU
		{C658E996-C828-43B5-87E5-E95B24D88977}.Debug|x64.Build.0 = Debug|Any CPU
		{C658E996-C828-43B5-87E5-E95B24D88977}.Debug|x86.ActiveCfg = Debug|Any CPU
		{C658E996-C828-43B5-87E5-E95B24D88977}.Debug|x86.Build.0 = Debug|Any CPU
		{C658E996-C828-43B5-87E5-E95B24D88977}.Release|Any CPU.ActiveCfg = Release|Any CPU
		{C658E996-C828-43B5-87E5-E95B24D88977}.Release|Any CPU.Build.0 = Release|Any CPU
		{C658E996-C828-43B5-87E5-E95B24D88977}.Release|x64.ActiveCfg = Release|Any CPU
		{C658E996-C828-43B5-87E5-E95B24D88977}.Release|x64.Build.0 = Release|Any CPU
		{C658E996-C828-43B5-87E5-E95B24D88977}.Release|x86.ActiveCfg = Release|Any CPU
		{C658E996-C828-43B5-87E5-E95B24D88977}.Release|x86.Build.0 = Release|Any CPU
		{67B7A336-51B9-4437-BC45-43A0B47F2915}.Debug|Any CPU.ActiveCfg = Debug|Any CPU
		{67B7A336-51B9-4437-BC45-43A0B47F2915}.Debug|Any CPU.Build.0 = Debug|Any CPU
		{67B7A336-51B9-4437-BC45-43A0B47F2915}.Debug|x64.ActiveCfg = Debug|Any CPU
		{67B7A336-51B9-4437-BC45-43A0B47F2915}.Debug|x64.Build.0 = Debug|Any CPU
		{67B7A336-51B9-4437-BC45-43A0B47F2915}.Debug|x86.ActiveCfg = Debug|Any CPU
		{67B7A336-51B9-4437-BC45-43A0B47F2915}.Debug|x86.Build.0 = Debug|Any CPU
		{67B7A336-51B9-4437-BC45-43A0B47F2915}.Release|Any CPU.ActiveCfg = Release|Any CPU
		{67B7A336-51B9-4437-BC45-43A0B47F2915}.Release|Any CPU.Build.0 = Release|Any CPU
		{67B7A336-51B9-4437-BC45-43A0B47F2915}.Release|x64.ActiveCfg = Release|Any CPU
		{67B7A336-51B9-4437-BC45-43A0B47F2915}.Release|x64.Build.0 = Release|Any CPU
		{67B7A336-51B9-4437-BC45-43A0B47F2915}.Release|x86.ActiveCfg = Release|Any CPU
		{67B7A336-51B9-4437-BC45-43A0B47F2915}.Release|x86.Build.0 = Release|Any CPU
		{73A3CE64-C1BC-40D9-8AB7-E2163ECB17B0}.Debug|Any CPU.ActiveCfg = Debug|Any CPU
		{73A3CE64-C1BC-40D9-8AB7-E2163ECB17B0}.Debug|Any CPU.Build.0 = Debug|Any CPU
		{73A3CE64-C1BC-40D9-8AB7-E2163ECB17B0}.Debug|x64.ActiveCfg = Debug|Any CPU
		{73A3CE64-C1BC-40D9-8AB7-E2163ECB17B0}.Debug|x64.Build.0 = Debug|Any CPU
		{73A3CE64-C1BC-40D9-8AB7-E2163ECB17B0}.Debug|x86.ActiveCfg = Debug|Any CPU
		{73A3CE64-C1BC-40D9-8AB7-E2163ECB17B0}.Debug|x86.Build.0 = Debug|Any CPU
		{73A3CE64-C1BC-40D9-8AB7-E2163ECB17B0}.Release|Any CPU.ActiveCfg = Release|Any CPU
		{73A3CE64-C1BC-40D9-8AB7-E2163ECB17B0}.Release|Any CPU.Build.0 = Release|Any CPU
		{73A3CE64-C1BC-40D9-8AB7-E2163ECB17B0}.Release|x64.ActiveCfg = Release|Any CPU
		{73A3CE64-C1BC-40D9-8AB7-E2163ECB17B0}.Release|x64.Build.0 = Release|Any CPU
		{73A3CE64-C1BC-40D9-8AB7-E2163ECB17B0}.Release|x86.ActiveCfg = Release|Any CPU
		{73A3CE64-C1BC-40D9-8AB7-E2163ECB17B0}.Release|x86.Build.0 = Release|Any CPU
		{28DC9980-B7CC-472E-9A7F-7835D982023D}.Debug|Any CPU.ActiveCfg = Debug|Any CPU
		{28DC9980-B7CC-472E-9A7F-7835D982023D}.Debug|Any CPU.Build.0 = Debug|Any CPU
		{28DC9980-B7CC-472E-9A7F-7835D982023D}.Debug|x64.ActiveCfg = Debug|Any CPU
		{28DC9980-B7CC-472E-9A7F-7835D982023D}.Debug|x64.Build.0 = Debug|Any CPU
		{28DC9980-B7CC-472E-9A7F-7835D982023D}.Debug|x86.ActiveCfg = Debug|Any CPU
		{28DC9980-B7CC-472E-9A7F-7835D982023D}.Debug|x86.Build.0 = Debug|Any CPU
		{28DC9980-B7CC-472E-9A7F-7835D982023D}.Release|Any CPU.ActiveCfg = Release|Any CPU
		{28DC9980-B7CC-472E-9A7F-7835D982023D}.Release|Any CPU.Build.0 = Release|Any CPU
		{28DC9980-B7CC-472E-9A7F-7835D982023D}.Release|x64.ActiveCfg = Release|Any CPU
		{28DC9980-B7CC-472E-9A7F-7835D982023D}.Release|x64.Build.0 = Release|Any CPU
		{28DC9980-B7CC-472E-9A7F-7835D982023D}.Release|x86.ActiveCfg = Release|Any CPU
		{28DC9980-B7CC-472E-9A7F-7835D982023D}.Release|x86.Build.0 = Release|Any CPU
		{093C271D-EF63-4FAF-BE0D-2C5B38A9C1F3}.Debug|Any CPU.ActiveCfg = Debug|Any CPU
		{093C271D-EF63-4FAF-BE0D-2C5B38A9C1F3}.Debug|Any CPU.Build.0 = Debug|Any CPU
		{093C271D-EF63-4FAF-BE0D-2C5B38A9C1F3}.Debug|x64.ActiveCfg = Debug|Any CPU
		{093C271D-EF63-4FAF-BE0D-2C5B38A9C1F3}.Debug|x64.Build.0 = Debug|Any CPU
		{093C271D-EF63-4FAF-BE0D-2C5B38A9C1F3}.Debug|x86.ActiveCfg = Debug|Any CPU
		{093C271D-EF63-4FAF-BE0D-2C5B38A9C1F3}.Debug|x86.Build.0 = Debug|Any CPU
		{093C271D-EF63-4FAF-BE0D-2C5B38A9C1F3}.Release|Any CPU.ActiveCfg = Release|Any CPU
		{093C271D-EF63-4FAF-BE0D-2C5B38A9C1F3}.Release|Any CPU.Build.0 = Release|Any CPU
		{093C271D-EF63-4FAF-BE0D-2C5B38A9C1F3}.Release|x64.ActiveCfg = Release|Any CPU
		{093C271D-EF63-4FAF-BE0D-2C5B38A9C1F3}.Release|x64.Build.0 = Release|Any CPU
		{093C271D-EF63-4FAF-BE0D-2C5B38A9C1F3}.Release|x86.ActiveCfg = Release|Any CPU
		{093C271D-EF63-4FAF-BE0D-2C5B38A9C1F3}.Release|x86.Build.0 = Release|Any CPU
	EndGlobalSection
	GlobalSection(SolutionProperties) = preSolution
		HideSolutionNode = FALSE
	EndGlobalSection
	GlobalSection(NestedProjects) = preSolution
		{C8E42992-5E42-0C2B-DBFE-AA848D06431C} = {827E0CD3-B72D-47B6-A68D-7590B98EB39B}
		{5DAA961D-DD68-4AE7-8485-2E78CDC694F4} = {C8E42992-5E42-0C2B-DBFE-AA848D06431C}
		{E514A7C6-04DF-4B25-9223-004BD09D27C8} = {C8E42992-5E42-0C2B-DBFE-AA848D06431C}
		{C9D84BA0-1389-415C-966C-6CA6541677E1} = {C8E42992-5E42-0C2B-DBFE-AA848D06431C}
		{EC447DCF-ABFA-6E24-52A5-D7FD48A5C558} = {827E0CD3-B72D-47B6-A68D-7590B98EB39B}
		{BA59031F-C66E-4596-BD95-210ADFD2F678} = {827E0CD3-B72D-47B6-A68D-7590B98EB39B}
		{8BA626DD-9ADD-4252-A6DF-21C7590DEB98} = {0AB3BF05-4346-4AA6-1389-037BE0695223}
		{C6BED79B-79FC-409C-A549-D5AFA32A6203} = {0AB3BF05-4346-4AA6-1389-037BE0695223}
		{0EC62A1A-9858-3A60-8A0C-FC9AACFA2EC7} = {EC447DCF-ABFA-6E24-52A5-D7FD48A5C558}
		{AE0874D6-90F4-4B3C-9EBA-F1B55BE32DBF} = {0EC62A1A-9858-3A60-8A0C-FC9AACFA2EC7}
		{0ACD3ABC-C9BF-4FC7-8E9C-00C56B90A3D5} = {0EC62A1A-9858-3A60-8A0C-FC9AACFA2EC7}
		{18283E30-E0BB-42D0-9146-35B93A97070F} = {0EC62A1A-9858-3A60-8A0C-FC9AACFA2EC7}
		{A7A4C714-E3F1-4167-BEB2-CAB1385EFA32} = {0EC62A1A-9858-3A60-8A0C-FC9AACFA2EC7}
		{50B913F5-993F-E580-FCC8-1869B28ABED3} = {EC447DCF-ABFA-6E24-52A5-D7FD48A5C558}
		{5D30B747-0413-42DC-BFF3-A8134BDFCE7D} = {50B913F5-993F-E580-FCC8-1869B28ABED3}
		{6065D074-0C6E-45C7-8FF3-526AE8CA222A} = {50B913F5-993F-E580-FCC8-1869B28ABED3}
		{FB4E800F-76DA-40B6-94E2-F8EEF61E7ECF} = {50B913F5-993F-E580-FCC8-1869B28ABED3}
		{E15A9ACE-87ED-49B0-B5BC-AFF748124AE6} = {50B913F5-993F-E580-FCC8-1869B28ABED3}
		{F0F0C51C-F6A5-8ED5-E07B-23BB77F4B418} = {EC447DCF-ABFA-6E24-52A5-D7FD48A5C558}
		{83EFCEC2-261A-4F91-A0BB-260D5440C668} = {F0F0C51C-F6A5-8ED5-E07B-23BB77F4B418}
		{3620EDA6-7083-4E05-9F03-A5540EE41BAC} = {F0F0C51C-F6A5-8ED5-E07B-23BB77F4B418}
		{6BD7987A-783C-4BEC-B9DF-34E0630A858C} = {F0F0C51C-F6A5-8ED5-E07B-23BB77F4B418}
		{8EA972AA-D3AB-47B2-B70B-024C7D067313} = {F0F0C51C-F6A5-8ED5-E07B-23BB77F4B418}
		{8369B7AA-C3EA-D078-AD13-17E2EBBD3B30} = {EC447DCF-ABFA-6E24-52A5-D7FD48A5C558}
		{BE7CEE24-5CBB-4136-BD2B-A861817B0C76} = {8369B7AA-C3EA-D078-AD13-17E2EBBD3B30}
		{3B339D83-B088-41EE-B3C2-CE37A0499D31} = {8369B7AA-C3EA-D078-AD13-17E2EBBD3B30}
		{AA17BC27-A7E4-4DC1-9ED8-0A1BA48DCD42} = {8369B7AA-C3EA-D078-AD13-17E2EBBD3B30}
		{F357147B-0D5E-4EF5-9FF9-4AD716F79215} = {8369B7AA-C3EA-D078-AD13-17E2EBBD3B30}
		{8D410084-0020-817D-192A-A2EAB82CB9C8} = {EC447DCF-ABFA-6E24-52A5-D7FD48A5C558}
		{9BD66190-315A-456D-8C04-D96BC3D69ADA} = {8D410084-0020-817D-192A-A2EAB82CB9C8}
		{B9BCFBF4-6B45-4109-B6BA-BB6B434A4A67} = {8D410084-0020-817D-192A-A2EAB82CB9C8}
		{C880A4FE-0CC5-46C8-A6A5-112496523AAA} = {8D410084-0020-817D-192A-A2EAB82CB9C8}
		{9F28B5DF-F81F-4988-81D7-F93030C57B6E} = {8D410084-0020-817D-192A-A2EAB82CB9C8}
		{61DCC6D7-ECE4-129F-6A42-39B2DD414C68} = {EC447DCF-ABFA-6E24-52A5-D7FD48A5C558}
		{C61A1EAE-FE7E-40DE-BBE7-3FF721200E75} = {61DCC6D7-ECE4-129F-6A42-39B2DD414C68}
		{C658E996-C828-43B5-87E5-E95B24D88977} = {61DCC6D7-ECE4-129F-6A42-39B2DD414C68}
		{67B7A336-51B9-4437-BC45-43A0B47F2915} = {61DCC6D7-ECE4-129F-6A42-39B2DD414C68}
		{73A3CE64-C1BC-40D9-8AB7-E2163ECB17B0} = {61DCC6D7-ECE4-129F-6A42-39B2DD414C68}
		{28DC9980-B7CC-472E-9A7F-7835D982023D} = {C8E42992-5E42-0C2B-DBFE-AA848D06431C}
		{093C271D-EF63-4FAF-BE0D-2C5B38A9C1F3} = {29F3AA1B-6D75-C75D-9183-749A65CD24A7}
	EndGlobalSection
EndGlobal
